
Microsoft Visual Studio Solution File, Format Version 12.00
# Visual Studio Version 17
VisualStudioVersion = 17.10.35004.147
MinimumVisualStudioVersion = 10.0.40219.1
Project("{FAE04EC0-301F-11D3-BF4B-00C04F79EFBC}") = "MarkingSheet", "MarkingSheet\MarkingSheet.csproj", "{A8D1AD96-0D13-4F28-84A1-F5784EF99440}"
EndProject
Global
	GlobalSection(SolutionConfigurationPlatforms) = preSolution
		Debug|Any CPU = Debug|Any CPU
		Release|Any CPU = Release|Any CPU
	EndGlobalSection
	GlobalSection(ProjectConfigurationPlatforms) = postSolution
		{A8D1AD96-0D13-4F28-84A1-F5784EF99440}.Debug|Any CPU.ActiveCfg = Debug|Any CPU
		{A8D1AD96-0D13-4F28-84A1-F5784EF99440}.Debug|Any CPU.Build.0 = Debug|Any CPU
		{A8D1AD96-0D13-4F28-84A1-F5784EF99440}.Release|Any CPU.ActiveCfg = Release|Any CPU
		{A8D1AD96-0D13-4F28-84A1-F5784EF99440}.Release|Any CPU.Build.0 = Release|Any CPU
	EndGlobalSection
	GlobalSection(SolutionProperties) = preSolution
		HideSolutionNode = FALSE
	EndGlobalSection
	GlobalSection(ExtensibilityGlobals) = postSolution
		SolutionGuid = {4054FF95-1670-48B0-8270-53973AA9ACCA}
	EndGlobalSection
EndGlobal
